
Microsoft Visual Studio Solution File, Format Version 10.00
# Visual Studio 2008
Project("{FAE04EC0-301F-11D3-BF4B-00C04F79EFBC}") = "PhysicsDefense", "PhysicsDefense\PhysicsDefense.csproj", "{ADA27006-2D10-438D-939A-E506B964C2DC}"
EndProject
Project("{FAE04EC0-301F-11D3-BF4B-00C04F79EFBC}") = "Farseer", "Farseer\Farseer.csproj", "{FBB78701-F6F0-4042-B88F-90948BFA6916}"
EndProject
Global
	GlobalSection(SubversionScc) = preSolution
		Svn-Managed = True
		Manager = AnkhSVN - Subversion Support for Visual Studio
	EndGlobalSection
	GlobalSection(SolutionConfigurationPlatforms) = preSolution
		Debug|x86 = Debug|x86
		Release|x86 = Release|x86
	EndGlobalSection
	GlobalSection(ProjectConfigurationPlatforms) = postSolution
		{ADA27006-2D10-438D-939A-E506B964C2DC}.Debug|x86.ActiveCfg = Debug|x86
		{ADA27006-2D10-438D-939A-E506B964C2DC}.Debug|x86.Build.0 = Debug|x86
		{ADA27006-2D10-438D-939A-E506B964C2DC}.Release|x86.ActiveCfg = Release|x86
		{ADA27006-2D10-438D-939A-E506B964C2DC}.Release|x86.Build.0 = Release|x86
		{FBB78701-F6F0-4042-B88F-90948BFA6916}.Debug|x86.ActiveCfg = Debug|x86
		{FBB78701-F6F0-4042-B88F-90948BFA6916}.Debug|x86.Build.0 = Debug|x86
		{FBB78701-F6F0-4042-B88F-90948BFA6916}.Release|x86.ActiveCfg = Release|x86
		{FBB78701-F6F0-4042-B88F-90948BFA6916}.Release|x86.Build.0 = Release|x86
		{BE67C238-B4C1-4DB2-96C5-CBF5F960D1C5}.Debug|x86.ActiveCfg = Debug|x86
		{BE67C238-B4C1-4DB2-96C5-CBF5F960D1C5}.Release|x86.ActiveCfg = Release|x86
		{2A2E224B-FF9F-4F33-BB54-5BB714F77D78}.Debug|x86.ActiveCfg = Debug|x86
		{2A2E224B-FF9F-4F33-BB54-5BB714F77D78}.Release|x86.ActiveCfg = Release|x86
	EndGlobalSection
	GlobalSection(SolutionProperties) = preSolution
		HideSolutionNode = FALSE
	EndGlobalSection
EndGlobal
